
Microsoft Visual Studio Solution File, Format Version 12.00
# Visual Studio 14
VisualStudioVersion = 14.0.23107.0
MinimumVisualStudioVersion = 10.0.40219.1
Project("{00D1A9C2-B5F0-4AF3-8072-F6C62B433612}") = "AzureAppServiceDemoDb", "AzureAppServiceDemoDb\AzureAppServiceDemoDb.sqlproj", "{2011FF57-9377-4D67-A686-8ADF126A8912}"
EndProject
Project("{FAE04EC0-301F-11D3-BF4B-00C04F79EFBC}") = "AzureAppServiceDemoApi", "AzureAppServiceDemoApi\AzureAppServiceDemoApi.csproj", "{A07CB9D8-250B-46B8-B007-3FAB356FCB21}"
EndProject
Project("{FAE04EC0-301F-11D3-BF4B-00C04F79EFBC}") = "AzureAppServiceDemoWeb", "AzureAppServiceDemoWeb\AzureAppServiceDemoWeb.csproj", "{A9D6762D-015D-46AC-B9D7-BC64226BB80A}"
EndProject
Global
	GlobalSection(SolutionConfigurationPlatforms) = preSolution
		Debug|Any CPU = Debug|Any CPU
		Release|Any CPU = Release|Any CPU
	EndGlobalSection
	GlobalSection(ProjectConfigurationPlatforms) = postSolution
		{2011FF57-9377-4D67-A686-8ADF126A8912}.Debug|Any CPU.ActiveCfg = Debug|Any CPU
		{2011FF57-9377-4D67-A686-8ADF126A8912}.Debug|Any CPU.Build.0 = Debug|Any CPU
		{2011FF57-9377-4D67-A686-8ADF126A8912}.Debug|Any CPU.Deploy.0 = Debug|Any CPU
		{2011FF57-9377-4D67-A686-8ADF126A8912}.Release|Any CPU.ActiveCfg = Release|Any CPU
		{2011FF57-9377-4D67-A686-8ADF126A8912}.Release|Any CPU.Build.0 = Release|Any CPU
		{2011FF57-9377-4D67-A686-8ADF126A8912}.Release|Any CPU.Deploy.0 = Release|Any CPU
		{A07CB9D8-250B-46B8-B007-3FAB356FCB21}.Debug|Any CPU.ActiveCfg = Debug|Any CPU
		{A07CB9D8-250B-46B8-B007-3FAB356FCB21}.Debug|Any CPU.Build.0 = Debug|Any CPU
		{A07CB9D8-250B-46B8-B007-3FAB356FCB21}.Release|Any CPU.ActiveCfg = Release|Any CPU
		{A07CB9D8-250B-46B8-B007-3FAB356FCB21}.Release|Any CPU.Build.0 = Release|Any CPU
		{A9D6762D-015D-46AC-B9D7-BC64226BB80A}.Debug|Any CPU.ActiveCfg = Debug|Any CPU
		{A9D6762D-015D-46AC-B9D7-BC64226BB80A}.Debug|Any CPU.Build.0 = Debug|Any CPU
		{A9D6762D-015D-46AC-B9D7-BC64226BB80A}.Release|Any CPU.ActiveCfg = Release|Any CPU
		{A9D6762D-015D-46AC-B9D7-BC64226BB80A}.Release|Any CPU.Build.0 = Release|Any CPU
	EndGlobalSection
	GlobalSection(SolutionProperties) = preSolution
		HideSolutionNode = FALSE
	EndGlobalSection
EndGlobal
